
Microsoft Visual Studio Solution File, Format Version 12.00
# Visual Studio Version 18
VisualStudioVersion = 18.0.11222.15
MinimumVisualStudioVersion = 10.0.40219.1
Project("{FAE04EC0-301F-11D3-BF4B-00C04F79EFBC}") = "PathsSyncronizer.Test", "PathsSyncronizer.Test\PathsSyncronizer.Test.csproj", "{2DC24A27-839B-43C1-9BD9-5715E306DC8E}"
EndProject
Project("{FAE04EC0-301F-11D3-BF4B-00C04F79EFBC}") = "PathsSynchronizer", "PathsSynchronizer\PathsSynchronizer.csproj", "{E264004F-B40B-DD25-57D9-E9FE63DEA33C}"
EndProject
Project("{FAE04EC0-301F-11D3-BF4B-00C04F79EFBC}") = "PathsSynchronizer.Hashing.XXHash", "PathsSynchronizer.Hashing.XXHash\PathsSynchronizer.Hashing.XXHash.csproj", "{39F10BF0-435E-4073-94CD-C291C18FF07F}"
EndProject
Global
	GlobalSection(SolutionConfigurationPlatforms) = preSolution
		Debug|Any CPU = Debug|Any CPU
		Release|Any CPU = Release|Any CPU
	EndGlobalSection
	GlobalSection(ProjectConfigurationPlatforms) = postSolution
		{2DC24A27-839B-43C1-9BD9-5715E306DC8E}.Debug|Any CPU.ActiveCfg = Debug|Any CPU
		{2DC24A27-839B-43C1-9BD9-5715E306DC8E}.Debug|Any CPU.Build.0 = Debug|Any CPU
		{2DC24A27-839B-43C1-9BD9-5715E306DC8E}.Release|Any CPU.ActiveCfg = Release|Any CPU
		{2DC24A27-839B-43C1-9BD9-5715E306DC8E}.Release|Any CPU.Build.0 = Release|Any CPU
		{E264004F-B40B-DD25-57D9-E9FE63DEA33C}.Debug|Any CPU.ActiveCfg = Debug|Any CPU
		{E264004F-B40B-DD25-57D9-E9FE63DEA33C}.Debug|Any CPU.Build.0 = Debug|Any CPU
		{E264004F-B40B-DD25-57D9-E9FE63DEA33C}.Release|Any CPU.ActiveCfg = Release|Any CPU
		{E264004F-B40B-DD25-57D9-E9FE63DEA33C}.Release|Any CPU.Build.0 = Release|Any CPU
		{39F10BF0-435E-4073-94CD-C291C18FF07F}.Debug|Any CPU.ActiveCfg = Debug|Any CPU
		{39F10BF0-435E-4073-94CD-C291C18FF07F}.Debug|Any CPU.Build.0 = Debug|Any CPU
		{39F10BF0-435E-4073-94CD-C291C18FF07F}.Release|Any CPU.ActiveCfg = Release|Any CPU
		{39F10BF0-435E-4073-94CD-C291C18FF07F}.Release|Any CPU.Build.0 = Release|Any CPU
	EndGlobalSection
	GlobalSection(SolutionProperties) = preSolution
		HideSolutionNode = FALSE
	EndGlobalSection
	GlobalSection(ExtensibilityGlobals) = postSolution
		SolutionGuid = {9BBCE738-A989-4404-A606-A0351A164BF5}
	EndGlobalSection
EndGlobal
